// !$*UTF8*$!
{
	archiveVersion = 1;
	classes = {
	};
	objectVersion = 48;
	objects = {

/* Begin PBXBuildFile section */
		1FC25EC71FD00489009C5C73 /* AppDelegate.m in Sources */ = {isa = PBXBuildFile; fileRef = 1FC25EC61FD00489009C5C73 /* AppDelegate.m */; };
		1FC25ECA1FD00489009C5C73 /* ViewController.m in Sources */ = {isa = PBXBuildFile; fileRef = 1FC25EC91FD00489009C5C73 /* ViewController.m */; };
		1FC25ECD1FD00489009C5C73 /* Main.storyboard in Resources */ = {isa = PBXBuildFile; fileRef = 1FC25ECB1FD00489009C5C73 /* Main.storyboard */; };
		1FC25ECF1FD00489009C5C73 /* Assets.xcassets in Resources */ = {isa = PBXBuildFile; fileRef = 1FC25ECE1FD00489009C5C73 /* Assets.xcassets */; };
		1FC25ED21FD00489009C5C73 /* LaunchScreen.storyboard in Resources */ = {isa = PBXBuildFile; fileRef = 1FC25ED01FD00489009C5C73 /* LaunchScreen.storyboard */; };
		1FC25ED51FD00489009C5C73 /* main.m in Sources */ = {isa = PBXBuildFile; fileRef = 1FC25ED41FD00489009C5C73 /* main.m */; };
		1FC25EE11FD01B78009C5C73 /* NetworkService.m in Sources */ = {isa = PBXBuildFile; fileRef = 1FC25EDF1FD01B78009C5C73 /* NetworkService.m */; };
		1FC25EE51FD02AF2009C5C73 /* NetworkHelper.m in Sources */ = {isa = PBXBuildFile; fileRef = 1FC25EE41FD02AF2009C5C73 /* NetworkHelper.m */; };
		1FC25EE91FD070A1009C5C73 /* SBSProgressView.m in Sources */ = {isa = PBXBuildFile; fileRef = 1FC25EE81FD070A1009C5C73 /* SBSProgressView.m */; };
		CB6725872264D2FF005AA013 /* LCTPhotoViewController.m in Sources */ = {isa = PBXBuildFile; fileRef = CB6725862264D2FF005AA013 /* LCTPhotoViewController.m */; };
		CB8DA3C52263D9D4009FF869 /* LCTCollectionView.m in Sources */ = {isa = PBXBuildFile; fileRef = CB8DA3C42263D9D4009FF869 /* LCTCollectionView.m */; };
		CB8DA3C92263DF8F009FF869 /* LCTCollectionViewCell.m in Sources */ = {isa = PBXBuildFile; fileRef = CB8DA3C82263DF8F009FF869 /* LCTCollectionViewCell.m */; };
		CBD46191226386240093EEE1 /* LCTSearchBar.m in Sources */ = {isa = PBXBuildFile; fileRef = CBD46190226386240093EEE1 /* LCTSearchBar.m */; };
/* End PBXBuildFile section */

/* Begin PBXFileReference section */
		1FC25EC21FD00489009C5C73 /* NSUrlRequestProject.app */ = {isa = PBXFileReference; explicitFileType = wrapper.application; includeInIndex = 0; path = NSUrlRequestProject.app; sourceTree = BUILT_PRODUCTS_DIR; };
		1FC25EC51FD00489009C5C73 /* AppDelegate.h */ = {isa = PBXFileReference; lastKnownFileType = sourcecode.c.h; path = AppDelegate.h; sourceTree = "<group>"; };
		1FC25EC61FD00489009C5C73 /* AppDelegate.m */ = {isa = PBXFileReference; lastKnownFileType = sourcecode.c.objc; path = AppDelegate.m; sourceTree = "<group>"; };
		1FC25EC81FD00489009C5C73 /* ViewController.h */ = {isa = PBXFileReference; lastKnownFileType = sourcecode.c.h; path = ViewController.h; sourceTree = "<group>"; };
		1FC25EC91FD00489009C5C73 /* ViewController.m */ = {isa = PBXFileReference; lastKnownFileType = sourcecode.c.objc; path = ViewController.m; sourceTree = "<group>"; };
		1FC25ECC1FD00489009C5C73 /* Base */ = {isa = PBXFileReference; lastKnownFileType = file.storyboard; name = Base; path = Base.lproj/Main.storyboard; sourceTree = "<group>"; };
		1FC25ECE1FD00489009C5C73 /* Assets.xcassets */ = {isa = PBXFileReference; lastKnownFileType = folder.assetcatalog; path = Assets.xcassets; sourceTree = "<group>"; };
		1FC25ED11FD00489009C5C73 /* Base */ = {isa = PBXFileReference; lastKnownFileType = file.storyboard; name = Base; path = Base.lproj/LaunchScreen.storyboard; sourceTree = "<group>"; };
		1FC25ED31FD00489009C5C73 /* Info.plist */ = {isa = PBXFileReference; lastKnownFileType = text.plist.xml; path = Info.plist; sourceTree = "<group>"; };
		1FC25ED41FD00489009C5C73 /* main.m */ = {isa = PBXFileReference; lastKnownFileType = sourcecode.c.objc; path = main.m; sourceTree = "<group>"; };
		1FC25EDF1FD01B78009C5C73 /* NetworkService.m */ = {isa = PBXFileReference; fileEncoding = 4; lastKnownFileType = sourcecode.c.objc; path = NetworkService.m; sourceTree = "<group>"; };
		1FC25EE01FD01B78009C5C73 /* NetworkService.h */ = {isa = PBXFileReference; fileEncoding = 4; lastKnownFileType = sourcecode.c.h; path = NetworkService.h; sourceTree = "<group>"; };
		1FC25EE21FD01B98009C5C73 /* NetworkServiceProtocol.h */ = {isa = PBXFileReference; lastKnownFileType = sourcecode.c.h; path = NetworkServiceProtocol.h; sourceTree = "<group>"; };
		1FC25EE31FD02AF2009C5C73 /* NetworkHelper.h */ = {isa = PBXFileReference; lastKnownFileType = sourcecode.c.h; path = NetworkHelper.h; sourceTree = "<group>"; };
		1FC25EE41FD02AF2009C5C73 /* NetworkHelper.m */ = {isa = PBXFileReference; lastKnownFileType = sourcecode.c.objc; path = NetworkHelper.m; sourceTree = "<group>"; };
		1FC25EE71FD070A1009C5C73 /* SBSProgressView.h */ = {isa = PBXFileReference; lastKnownFileType = sourcecode.c.h; path = SBSProgressView.h; sourceTree = "<group>"; };
		1FC25EE81FD070A1009C5C73 /* SBSProgressView.m */ = {isa = PBXFileReference; lastKnownFileType = sourcecode.c.objc; path = SBSProgressView.m; sourceTree = "<group>"; };
		CB05D46522684A2400F94190 /* LCTPhotoViewControllerProtocol.h */ = {isa = PBXFileReference; lastKnownFileType = sourcecode.c.h; path = LCTPhotoViewControllerProtocol.h; sourceTree = "<group>"; };
		CB6725822264D007005AA013 /* LCTCollectionViewProtocol.h */ = {isa = PBXFileReference; fileEncoding = 4; lastKnownFileType = sourcecode.c.h; path = LCTCollectionViewProtocol.h; sourceTree = "<group>"; };
		CB6725852264D2FF005AA013 /* LCTPhotoViewController.h */ = {isa = PBXFileReference; fileEncoding = 4; lastKnownFileType = sourcecode.c.h; path = LCTPhotoViewController.h; sourceTree = "<group>"; };
		CB6725862264D2FF005AA013 /* LCTPhotoViewController.m */ = {isa = PBXFileReference; fileEncoding = 4; lastKnownFileType = sourcecode.c.objc; path = LCTPhotoViewController.m; sourceTree = "<group>"; };
		CB67258922651286005AA013 /* LCTSearchBarProtocol.h */ = {isa = PBXFileReference; lastKnownFileType = sourcecode.c.h; path = LCTSearchBarProtocol.h; sourceTree = "<group>"; };
		CB8DA3C32263D9D4009FF869 /* LCTCollectionView.h */ = {isa = PBXFileReference; fileEncoding = 4; lastKnownFileType = sourcecode.c.h; path = LCTCollectionView.h; sourceTree = "<group>"; };
		CB8DA3C42263D9D4009FF869 /* LCTCollectionView.m */ = {isa = PBXFileReference; fileEncoding = 4; lastKnownFileType = sourcecode.c.objc; path = LCTCollectionView.m; sourceTree = "<group>"; };
		CB8DA3C72263DF8F009FF869 /* LCTCollectionViewCell.h */ = {isa = PBXFileReference; fileEncoding = 4; lastKnownFileType = sourcecode.c.h; path = LCTCollectionViewCell.h; sourceTree = "<group>"; };
		CB8DA3C82263DF8F009FF869 /* LCTCollectionViewCell.m */ = {isa = PBXFileReference; fileEncoding = 4; lastKnownFileType = sourcecode.c.objc; path = LCTCollectionViewCell.m; sourceTree = "<group>"; };
		CBD4618F226386240093EEE1 /* LCTSearchBar.h */ = {isa = PBXFileReference; fileEncoding = 4; lastKnownFileType = sourcecode.c.h; path = LCTSearchBar.h; sourceTree = "<group>"; };
		CBD46190226386240093EEE1 /* LCTSearchBar.m */ = {isa = PBXFileReference; fileEncoding = 4; lastKnownFileType = sourcecode.c.objc; path = LCTSearchBar.m; sourceTree = "<group>"; };
/* End PBXFileReference section */

/* Begin PBXFrameworksBuildPhase section */
		1FC25EBF1FD00489009C5C73 /* Frameworks */ = {
			isa = PBXFrameworksBuildPhase;
			buildActionMask = 2147483647;
			files = (
			);
			runOnlyForDeploymentPostprocessing = 0;
		};
/* End PBXFrameworksBuildPhase section */

/* Begin PBXGroup section */
		1FC25EB91FD00489009C5C73 = {
			isa = PBXGroup;
			children = (
				1FC25EC41FD00489009C5C73 /* NSUrlRequestProject */,
				1FC25EC31FD00489009C5C73 /* Products */,
			);
			sourceTree = "<group>";
		};
		1FC25EC31FD00489009C5C73 /* Products */ = {
			isa = PBXGroup;
			children = (
				1FC25EC21FD00489009C5C73 /* NSUrlRequestProject.app */,
			);
			name = Products;
			sourceTree = "<group>";
		};
		1FC25EC41FD00489009C5C73 /* NSUrlRequestProject */ = {
			isa = PBXGroup;
			children = (
				CB6725882264D309005AA013 /* LCTPhotoViewController */,
				CB8DA3C62263DF64009FF869 /* LCTCollectionViewCell */,
				CB8DA3C22263D95F009FF869 /* LCTCollectionView */,
				CBD46192226386370093EEE1 /* LCTSearchBar */,
				1FC25EE61FD07084009C5C73 /* CustomProgressView */,
				1FC25EDB1FD01610009C5C73 /* NetworkService */,
				1FC25EC51FD00489009C5C73 /* AppDelegate.h */,
				1FC25EC61FD00489009C5C73 /* AppDelegate.m */,
				1FC25EC81FD00489009C5C73 /* ViewController.h */,
				1FC25EC91FD00489009C5C73 /* ViewController.m */,
				1FC25ECB1FD00489009C5C73 /* Main.storyboard */,
				1FC25ECE1FD00489009C5C73 /* Assets.xcassets */,
				1FC25ED01FD00489009C5C73 /* LaunchScreen.storyboard */,
				1FC25ED31FD00489009C5C73 /* Info.plist */,
				1FC25ED41FD00489009C5C73 /* main.m */,
			);
			path = NSUrlRequestProject;
			sourceTree = "<group>";
		};
		1FC25EDB1FD01610009C5C73 /* NetworkService */ = {
			isa = PBXGroup;
			children = (
				1FC25EE21FD01B98009C5C73 /* NetworkServiceProtocol.h */,
				1FC25EE01FD01B78009C5C73 /* NetworkService.h */,
				1FC25EDF1FD01B78009C5C73 /* NetworkService.m */,
				1FC25EE31FD02AF2009C5C73 /* NetworkHelper.h */,
				1FC25EE41FD02AF2009C5C73 /* NetworkHelper.m */,
			);
			path = NetworkService;
			sourceTree = "<group>";
		};
		1FC25EE61FD07084009C5C73 /* CustomProgressView */ = {
			isa = PBXGroup;
			children = (
				1FC25EE71FD070A1009C5C73 /* SBSProgressView.h */,
				1FC25EE81FD070A1009C5C73 /* SBSProgressView.m */,
			);
			path = CustomProgressView;
			sourceTree = "<group>";
		};
		CB6725882264D309005AA013 /* LCTPhotoViewController */ = {
			isa = PBXGroup;
			children = (
				CB05D46522684A2400F94190 /* LCTPhotoViewControllerProtocol.h */,
				CB6725852264D2FF005AA013 /* LCTPhotoViewController.h */,
				CB6725862264D2FF005AA013 /* LCTPhotoViewController.m */,
			);
			name = LCTPhotoViewController;
			sourceTree = "<group>";
		};
		CB8DA3C22263D95F009FF869 /* LCTCollectionView */ = {
			isa = PBXGroup;
			children = (
				CB6725822264D007005AA013 /* LCTCollectionViewProtocol.h */,
				CB8DA3C32263D9D4009FF869 /* LCTCollectionView.h */,
				CB8DA3C42263D9D4009FF869 /* LCTCollectionView.m */,
			);
			name = LCTCollectionView;
			sourceTree = "<group>";
		};
		CB8DA3C62263DF64009FF869 /* LCTCollectionViewCell */ = {
			isa = PBXGroup;
			children = (
				CB8DA3C72263DF8F009FF869 /* LCTCollectionViewCell.h */,
				CB8DA3C82263DF8F009FF869 /* LCTCollectionViewCell.m */,
			);
			name = LCTCollectionViewCell;
			sourceTree = "<group>";
		};
		CBD46192226386370093EEE1 /* LCTSearchBar */ = {
			isa = PBXGroup;
			children = (
				CB67258922651286005AA013 /* LCTSearchBarProtocol.h */,
				CBD4618F226386240093EEE1 /* LCTSearchBar.h */,
				CBD46190226386240093EEE1 /* LCTSearchBar.m */,
			);
			name = LCTSearchBar;
			sourceTree = "<group>";
		};
/* End PBXGroup section */

/* Begin PBXNativeTarget section */
		1FC25EC11FD00489009C5C73 /* NSUrlRequestProject */ = {
			isa = PBXNativeTarget;
			buildConfigurationList = 1FC25ED81FD00489009C5C73 /* Build configuration list for PBXNativeTarget "NSUrlRequestProject" */;
			buildPhases = (
				1FC25EBE1FD00489009C5C73 /* Sources */,
				1FC25EBF1FD00489009C5C73 /* Frameworks */,
				1FC25EC01FD00489009C5C73 /* Resources */,
			);
			buildRules = (
			);
			dependencies = (
			);
			name = NSUrlRequestProject;
			productName = NSUrlRequestProject;
			productReference = 1FC25EC21FD00489009C5C73 /* NSUrlRequestProject.app */;
			productType = "com.apple.product-type.application";
		};
/* End PBXNativeTarget section */

/* Begin PBXProject section */
		1FC25EBA1FD00489009C5C73 /* Project object */ = {
			isa = PBXProject;
			attributes = {
				LastUpgradeCheck = 0910;
				ORGANIZATIONNAME = "Alexey Levanov";
				TargetAttributes = {
					1FC25EC11FD00489009C5C73 = {
						CreatedOnToolsVersion = 9.1;
						ProvisioningStyle = Manual;
					};
				};
			};
			buildConfigurationList = 1FC25EBD1FD00489009C5C73 /* Build configuration list for PBXProject "NSUrlRequestProject" */;
			compatibilityVersion = "Xcode 8.0";
			developmentRegion = en;
			hasScannedForEncodings = 0;
			knownRegions = (
				en,
				Base,
			);
			mainGroup = 1FC25EB91FD00489009C5C73;
			productRefGroup = 1FC25EC31FD00489009C5C73 /* Products */;
			projectDirPath = "";
			projectRoot = "";
			targets = (
				1FC25EC11FD00489009C5C73 /* NSUrlRequestProject */,
			);
		};
/* End PBXProject section */

/* Begin PBXResourcesBuildPhase section */
		1FC25EC01FD00489009C5C73 /* Resources */ = {
			isa = PBXResourcesBuildPhase;
			buildActionMask = 2147483647;
			files = (
				1FC25ED21FD00489009C5C73 /* LaunchScreen.storyboard in Resources */,
				1FC25ECF1FD00489009C5C73 /* Assets.xcassets in Resources */,
				1FC25ECD1FD00489009C5C73 /* Main.storyboard in Resources */,
			);
			runOnlyForDeploymentPostprocessing = 0;
		};
/* End PBXResourcesBuildPhase section */

/* Begin PBXSourcesBuildPhase section */
		1FC25EBE1FD00489009C5C73 /* Sources */ = {
			isa = PBXSourcesBuildPhase;
			buildActionMask = 2147483647;
			files = (
				CB8DA3C52263D9D4009FF869 /* LCTCollectionView.m in Sources */,
				CBD46191226386240093EEE1 /* LCTSearchBar.m in Sources */,
				1FC25ECA1FD00489009C5C73 /* ViewController.m in Sources */,
				CB6725872264D2FF005AA013 /* LCTPhotoViewController.m in Sources */,
				CB8DA3C92263DF8F009FF869 /* LCTCollectionViewCell.m in Sources */,
				1FC25ED51FD00489009C5C73 /* main.m in Sources */,
				1FC25EE11FD01B78009C5C73 /* NetworkService.m in Sources */,
				1FC25EC71FD00489009C5C73 /* AppDelegate.m in Sources */,
				1FC25EE91FD070A1009C5C73 /* SBSProgressView.m in Sources */,
				1FC25EE51FD02AF2009C5C73 /* NetworkHelper.m in Sources */,
			);
			runOnlyForDeploymentPostprocessing = 0;
		};
/* End PBXSourcesBuildPhase section */

/* Begin PBXVariantGroup section */
		1FC25ECB1FD00489009C5C73 /* Main.storyboard */ = {
			isa = PBXVariantGroup;
			children = (
				1FC25ECC1FD00489009C5C73 /* Base */,
			);
			name = Main.storyboard;
			sourceTree = "<group>";
		};
		1FC25ED01FD00489009C5C73 /* LaunchScreen.storyboard */ = {
			isa = PBXVariantGroup;
			children = (
				1FC25ED11FD00489009C5C73 /* Base */,
			);
			name = LaunchScreen.storyboard;
			sourceTree = "<group>";
		};
/* End PBXVariantGroup section */

/* Begin XCBuildConfiguration section */
		1FC25ED61FD00489009C5C73 /* Debug */ = {
			isa = XCBuildConfiguration;
			buildSettings = {
				ALWAYS_SEARCH_USER_PATHS = NO;
				CLANG_ANALYZER_NONNULL = YES;
				CLANG_ANALYZER_NUMBER_OBJECT_CONVERSION = YES_AGGRESSIVE;
				CLANG_CXX_LANGUAGE_STANDARD = "gnu++14";
				CLANG_CXX_LIBRARY = "libc++";
				CLANG_ENABLE_MODULES = YES;
				CLANG_ENABLE_OBJC_ARC = YES;
				CLANG_WARN_BLOCK_CAPTURE_AUTORELEASING = YES;
				CLANG_WARN_BOOL_CONVERSION = YES;
				CLANG_WARN_COMMA = YES;
				CLANG_WARN_CONSTANT_CONVERSION = YES;
				CLANG_WARN_DIRECT_OBJC_ISA_USAGE = YES_ERROR;
				CLANG_WARN_DOCUMENTATION_COMMENTS = YES;
				CLANG_WARN_EMPTY_BODY = YES;
				CLANG_WARN_ENUM_CONVERSION = YES;
				CLANG_WARN_INFINITE_RECURSION = YES;
				CLANG_WARN_INT_CONVERSION = YES;
				CLANG_WARN_NON_LITERAL_NULL_CONVERSION = YES;
				CLANG_WARN_OBJC_LITERAL_CONVERSION = YES;
				CLANG_WARN_OBJC_ROOT_CLASS = YES_ERROR;
				CLANG_WARN_RANGE_LOOP_ANALYSIS = YES;
				CLANG_WARN_STRICT_PROTOTYPES = YES;
				CLANG_WARN_SUSPICIOUS_MOVE = YES;
				CLANG_WARN_UNGUARDED_AVAILABILITY = YES_AGGRESSIVE;
				CLANG_WARN_UNREACHABLE_CODE = YES;
				CLANG_WARN__DUPLICATE_METHOD_MATCH = YES;
				CODE_SIGN_IDENTITY = "iPhone Developer";
				COPY_PHASE_STRIP = NO;
				DEBUG_INFORMATION_FORMAT = dwarf;
				ENABLE_STRICT_OBJC_MSGSEND = YES;
				ENABLE_TESTABILITY = YES;
				GCC_C_LANGUAGE_STANDARD = gnu11;
				GCC_DYNAMIC_NO_PIC = NO;
				GCC_NO_COMMON_BLOCKS = YES;
				GCC_OPTIMIZATION_LEVEL = 0;
				GCC_PREPROCESSOR_DEFINITIONS = (
					"DEBUG=1",
					"$(inherited)",
				);
				GCC_WARN_64_TO_32_BIT_CONVERSION = YES;
				GCC_WARN_ABOUT_RETURN_TYPE = YES_ERROR;
				GCC_WARN_UNDECLARED_SELECTOR = YES;
				GCC_WARN_UNINITIALIZED_AUTOS = YES_AGGRESSIVE;
				GCC_WARN_UNUSED_FUNCTION = YES;
				GCC_WARN_UNUSED_VARIABLE = YES;
				IPHONEOS_DEPLOYMENT_TARGET = 11.1;
				MTL_ENABLE_DEBUG_INFO = YES;
				ONLY_ACTIVE_ARCH = YES;
				SDKROOT = iphoneos;
			};
			name = Debug;
		};
		1FC25ED71FD00489009C5C73 /* Release */ = {
			isa = XCBuildConfiguration;
			buildSettings = {
				ALWAYS_SEARCH_USER_PATHS = NO;
				CLANG_ANALYZER_NONNULL = YES;
				CLANG_ANALYZER_NUMBER_OBJECT_CONVERSION = YES_AGGRESSIVE;
				CLANG_CXX_LANGUAGE_STANDARD = "gnu++14";
				CLANG_CXX_LIBRARY = "libc++";
				CLANG_ENABLE_MODULES = YES;
				CLANG_ENABLE_OBJC_ARC = YES;
				CLANG_WARN_BLOCK_CAPTURE_AUTORELEASING = YES;
				CLANG_WARN_BOOL_CONVERSION = YES;
				CLANG_WARN_COMMA = YES;
				CLANG_WARN_CONSTANT_CONVERSION = YES;
				CLANG_WARN_DIRECT_OBJC_ISA_USAGE = YES_ERROR;
				CLANG_WARN_DOCUMENTATION_COMMENTS = YES;
				CLANG_WARN_EMPTY_BODY = YES;
				CLANG_WARN_ENUM_CONVERSION = YES;
				CLANG_WARN_INFINITE_RECURSION = YES;
				CLANG_WARN_INT_CONVERSION = YES;
				CLANG_WARN_NON_LITERAL_NULL_CONVERSION = YES;
				CLANG_WARN_OBJC_LITERAL_CONVERSION = YES;
				CLANG_WARN_OBJC_ROOT_CLASS = YES_ERROR;
				CLANG_WARN_RANGE_LOOP_ANALYSIS = YES;
				CLANG_WARN_STRICT_PROTOTYPES = YES;
				CLANG_WARN_SUSPICIOUS_MOVE = YES;
				CLANG_WARN_UNGUARDED_AVAILABILITY = YES_AGGRESSIVE;
				CLANG_WARN_UNREACHABLE_CODE = YES;
				CLANG_WARN__DUPLICATE_METHOD_MATCH = YES;
				CODE_SIGN_IDENTITY = "iPhone Developer";
				COPY_PHASE_STRIP = NO;
				DEBUG_INFORMATION_FORMAT = "dwarf-with-dsym";
				ENABLE_NS_ASSERTIONS = NO;
				ENABLE_STRICT_OBJC_MSGSEND = YES;
				GCC_C_LANGUAGE_STANDARD = gnu11;
				GCC_NO_COMMON_BLOCKS = YES;
				GCC_WARN_64_TO_32_BIT_CONVERSION = YES;
				GCC_WARN_ABOUT_RETURN_TYPE = YES_ERROR;
				GCC_WARN_UNDECLARED_SELECTOR = YES;
				GCC_WARN_UNINITIALIZED_AUTOS = YES_AGGRESSIVE;
				GCC_WARN_UNUSED_FUNCTION = YES;
				GCC_WARN_UNUSED_VARIABLE = YES;
				IPHONEOS_DEPLOYMENT_TARGET = 11.1;
				MTL_ENABLE_DEBUG_INFO = NO;
				SDKROOT = iphoneos;
				VALIDATE_PRODUCT = YES;
			};
			name = Release;
		};
		1FC25ED91FD00489009C5C73 /* Debug */ = {
			isa = XCBuildConfiguration;
			buildSettings = {
				ASSETCATALOG_COMPILER_APPICON_NAME = AppIcon;
				"CODE_SIGN_IDENTITY[sdk=iphoneos*]" = "iPhone Developer";
				CODE_SIGN_STYLE = Automatic;
				DEVELOPMENT_TEAM = "";
				INFOPLIST_FILE = NSUrlRequestProject/Info.plist;
				IPHONEOS_DEPLOYMENT_TARGET = 10.2;
				LD_RUNPATH_SEARCH_PATHS = "$(inherited) @executable_path/Frameworks";
				PRODUCT_BUNDLE_IDENTIFIER = Studio45.NSUrlRequestProject;
				PRODUCT_NAME = "$(TARGET_NAME)";
				TARGETED_DEVICE_FAMILY = "1,2";
			};
			name = Debug;
		};
		1FC25EDA1FD00489009C5C73 /* Release */ = {
			isa = XCBuildConfiguration;
			buildSettings = {
				ASSETCATALOG_COMPILER_APPICON_NAME = AppIcon;
				"CODE_SIGN_IDENTITY[sdk=iphoneos*]" = "iPhone Developer";
				CODE_SIGN_STYLE = Automatic;
				DEVELOPMENT_TEAM = "";
				INFOPLIST_FILE = NSUrlRequestProject/Info.plist;
				IPHONEOS_DEPLOYMENT_TARGET = 10.2;
				LD_RUNPATH_SEARCH_PATHS = "$(inherited) @executable_path/Frameworks";
				PRODUCT_BUNDLE_IDENTIFIER = Studio45.NSUrlRequestProject;
				PRODUCT_NAME = "$(TARGET_NAME)";
				TARGETED_DEVICE_FAMILY = "1,2";
			};
			name = Release;
		};
/* End XCBuildConfiguration section */

/* Begin XCConfigurationList section */
		1FC25EBD1FD00489009C5C73 /* Build configuration list for PBXProject "NSUrlRequestProject" */ = {
			isa = XCConfigurationList;
			buildConfigurations = (
				1FC25ED61FD00489009C5C73 /* Debug */,
				1FC25ED71FD00489009C5C73 /* Release */,
			);
			defaultConfigurationIsVisible = 0;
			defaultConfigurationName = Release;
		};
		1FC25ED81FD00489009C5C73 /* Build configuration list for PBXNativeTarget "NSUrlRequestProject" */ = {
			isa = XCConfigurationList;
			buildConfigurations = (
				1FC25ED91FD00489009C5C73 /* Debug */,
				1FC25EDA1FD00489009C5C73 /* Release */,
			);
			defaultConfigurationIsVisible = 0;
			defaultConfigurationName = Release;
		};
/* End XCConfigurationList section */
	};
	rootObject = 1FC25EBA1FD00489009C5C73 /* Project object */;
}
